
Microsoft Visual Studio Solution File, Format Version 12.00
# Visual Studio Version 17
VisualStudioVersion = 17.9.34902.65
MinimumVisualStudioVersion = 10.0.40219.1
Project("{FAE04EC0-301F-11D3-BF4B-00C04F79EFBC}") = "EmptyBot", "EmptyBot\EmptyBot.csproj", "{A8348E1C-B0E3-4AD6-AC24-3C3C8B847F1C}"
EndProject
Global
	GlobalSection(SolutionConfigurationPlatforms) = preSolution
		Debug|Any CPU = Debug|Any CPU
		Release|Any CPU = Release|Any CPU
	EndGlobalSection
	GlobalSection(ProjectConfigurationPlatforms) = postSolution
		{A8348E1C-B0E3-4AD6-AC24-3C3C8B847F1C}.Debug|Any CPU.ActiveCfg = Debug|Any CPU
		{A8348E1C-B0E3-4AD6-AC24-3C3C8B847F1C}.Debug|Any CPU.Build.0 = Debug|Any CPU
		{A8348E1C-B0E3-4AD6-AC24-3C3C8B847F1C}.Release|Any CPU.ActiveCfg = Release|Any CPU
		{A8348E1C-B0E3-4AD6-AC24-3C3C8B847F1C}.Release|Any CPU.Build.0 = Release|Any CPU
	EndGlobalSection
	GlobalSection(SolutionProperties) = preSolution
		HideSolutionNode = FALSE
	EndGlobalSection
	GlobalSection(ExtensibilityGlobals) = postSolution
		SolutionGuid = {39C5DABD-85C0-4DE1-AF5F-89DF89D01400}
	EndGlobalSection
EndGlobal
